
Microsoft Visual Studio Solution File, Format Version 12.00
# Visual Studio Version 17
VisualStudioVersion = 17.3.32929.385
MinimumVisualStudioVersion = 10.0.40219.1
Project("{FAE04EC0-301F-11D3-BF4B-00C04F79EFBC}") = "Proyecto", "Proyecto.csproj", "{D2858D3E-45E5-4C62-8F9C-72822D298B5B}"
EndProject
Global
	GlobalSection(SolutionConfigurationPlatforms) = preSolution
		Debug|Any CPU = Debug|Any CPU
		Release|Any CPU = Release|Any CPU
	EndGlobalSection
	GlobalSection(ProjectConfigurationPlatforms) = postSolution
		{D2858D3E-45E5-4C62-8F9C-72822D298B5B}.Debug|Any CPU.ActiveCfg = Debug|Any CPU
		{D2858D3E-45E5-4C62-8F9C-72822D298B5B}.Debug|Any CPU.Build.0 = Debug|Any CPU
		{D2858D3E-45E5-4C62-8F9C-72822D298B5B}.Release|Any CPU.ActiveCfg = Release|Any CPU
		{D2858D3E-45E5-4C62-8F9C-72822D298B5B}.Release|Any CPU.Build.0 = Release|Any CPU
	EndGlobalSection
	GlobalSection(SolutionProperties) = preSolution
		HideSolutionNode = FALSE
	EndGlobalSection
	GlobalSection(ExtensibilityGlobals) = postSolution
		SolutionGuid = {0FD2FF0C-D2FE-4F2B-97E3-01069F219B2B}
	EndGlobalSection
EndGlobal
